
Microsoft Visual Studio Solution File, Format Version 12.00
# Visual Studio Version 17
VisualStudioVersion = 17.14.36121.58
MinimumVisualStudioVersion = 10.0.40219.1
Project("{FAE04EC0-301F-11D3-BF4B-00C04F79EFBC}") = "GetStarted", "GetStarted\GetStarted.csproj", "{8119A4E6-9AAA-493E-96D9-7F73AEBD25F7}"
EndProject
Project("{FAE04EC0-301F-11D3-BF4B-00C04F79EFBC}") = "HDWallet", "HDWallet\HDWallet.csproj", "{EADB3806-269E-4A8F-B62A-C775AFB2E939}"
EndProject
Global
	GlobalSection(SolutionConfigurationPlatforms) = preSolution
		Debug|Any CPU = Debug|Any CPU
		Release|Any CPU = Release|Any CPU
	EndGlobalSection
	GlobalSection(ProjectConfigurationPlatforms) = postSolution
		{8119A4E6-9AAA-493E-96D9-7F73AEBD25F7}.Debug|Any CPU.ActiveCfg = Debug|Any CPU
		{8119A4E6-9AAA-493E-96D9-7F73AEBD25F7}.Debug|Any CPU.Build.0 = Debug|Any CPU
		{8119A4E6-9AAA-493E-96D9-7F73AEBD25F7}.Release|Any CPU.ActiveCfg = Release|Any CPU
		{8119A4E6-9AAA-493E-96D9-7F73AEBD25F7}.Release|Any CPU.Build.0 = Release|Any CPU
		{EADB3806-269E-4A8F-B62A-C775AFB2E939}.Debug|Any CPU.ActiveCfg = Debug|Any CPU
		{EADB3806-269E-4A8F-B62A-C775AFB2E939}.Debug|Any CPU.Build.0 = Debug|Any CPU
		{EADB3806-269E-4A8F-B62A-C775AFB2E939}.Release|Any CPU.ActiveCfg = Release|Any CPU
		{EADB3806-269E-4A8F-B62A-C775AFB2E939}.Release|Any CPU.Build.0 = Release|Any CPU
	EndGlobalSection
	GlobalSection(SolutionProperties) = preSolution
		HideSolutionNode = FALSE
	EndGlobalSection
	GlobalSection(ExtensibilityGlobals) = postSolution
		SolutionGuid = {8376C62D-2E35-4E35-9164-9A8F627313DB}
	EndGlobalSection
EndGlobal
